[[package]]
name = "astral"
version = "2.2"
description = "Calculations for the position of the sun and moon."
category = "main"
optional = false
python-versions = ">=3.6"

[package.dependencies]
pytz = "*"

[[package]]
name = "pytz"
version = "2022.2.1"
description = "World timezone definitions, modern and historical"
category = "main"
optional = false
python-versions = "*"

[metadata]
lock-version = "1.1"
python-versions = "^3.10"
content-hash = "81cc11f6c92f7446ae4e2c6d6d3eb53b4d303b0472b49cdfabb333b28bf9d421"

[metadata.files]
astral = [
    {file = "astral-2.2-py2.py3-none-any.whl", hash = "sha256:b9ef70faf32e81a8ba174d21e8f29dc0b53b409ef035f27e0749ddc13cb5982a"},
    {file = "astral-2.2.tar.gz", hash = "sha256:e41d9967d5c48be421346552f0f4dedad43ff39a83574f5ff2ad32b6627b6fbe"},
]
pytz = [
    {file = "pytz-2022.2.1-py2.py3-none-any.whl", hash = "sha256:220f481bdafa09c3955dfbdddb7b57780e9a94f5127e35456a48589b9e0c0197"},
    {file = "pytz-2022.2.1.tar.gz", hash = "sha256:cea221417204f2d1a2aa03ddae3e867921971d0d76f14d87abb4414415bbdcf5"},
]
